
Microsoft Visual Studio Solution File, Format Version 12.00
# Visual Studio Version 16
VisualStudioVersion = 16.0.29509.3
MinimumVisualStudioVersion = 10.0.40219.1
Project("{8BC9CEB8-8B4A-11D0-8D11-00A0C91BC942}") = "CSE4082_Project", "CSE4082_Project.vcxproj", "{D2F610CB-2783-4451-8EDD-C435E7FC4FAE}"
EndProject
Global
	GlobalSection(SolutionConfigurationPlatforms) = preSolution
		Debug|x64 = Debug|x64
		Debug|x86 = Debug|x86
		Release|x64 = Release|x64
		Release|x86 = Release|x86
	EndGlobalSection
	GlobalSection(ProjectConfigurationPlatforms) = postSolution
		{D2F610CB-2783-4451-8EDD-C435E7FC4FAE}.Debug|x64.ActiveCfg = Debug|x64
		{D2F610CB-2783-4451-8EDD-C435E7FC4FAE}.Debug|x64.Build.0 = Debug|x64
		{D2F610CB-2783-4451-8EDD-C435E7FC4FAE}.Debug|x86.ActiveCfg = Debug|Win32
		{D2F610CB-2783-4451-8EDD-C435E7FC4FAE}.Debug|x86.Build.0 = Debug|Win32
		{D2F610CB-2783-4451-8EDD-C435E7FC4FAE}.Release|x64.ActiveCfg = Release|x64
		{D2F610CB-2783-4451-8EDD-C435E7FC4FAE}.Release|x64.Build.0 = Release|x64
		{D2F610CB-2783-4451-8EDD-C435E7FC4FAE}.Release|x86.ActiveCfg = Release|Win32
		{D2F610CB-2783-4451-8EDD-C435E7FC4FAE}.Release|x86.Build.0 = Release|Win32
	EndGlobalSection
	GlobalSection(SolutionProperties) = preSolution
		HideSolutionNode = FALSE
	EndGlobalSection
	GlobalSection(ExtensibilityGlobals) = postSolution
		SolutionGuid = {8EDF8D9A-78BC-45D9-85CB-768A2D3895BC}
	EndGlobalSection
EndGlobal
